
Microsoft Visual Studio Solution File, Format Version 12.00
# Visual Studio Version 17
VisualStudioVersion = 17.7.34024.191
MinimumVisualStudioVersion = 10.0.40219.1
Project("{9A19103F-16F7-4668-BE54-9A1E7A4F7556}") = "ArrayExtensions", "src\ArrayExtensions\ArrayExtensions.csproj", "{13EF065E-20CF-464B-982B-BFF01A4D8450}"
EndProject
Project("{FAE04EC0-301F-11D3-BF4B-00C04F79EFBC}") = "ArrayExtensions.Tests", "src\ArrayExtensions.Tests\ArrayExtensions.Tests.csproj", "{A8B2FFCD-8B2B-4A57-875F-52BD04700EE3}"
EndProject
Global
	GlobalSection(SolutionConfigurationPlatforms) = preSolution
		Debug|Any CPU = Debug|Any CPU
		Release|Any CPU = Release|Any CPU
	EndGlobalSection
	GlobalSection(ProjectConfigurationPlatforms) = postSolution
		{13EF065E-20CF-464B-982B-BFF01A4D8450}.Debug|Any CPU.ActiveCfg = Debug|Any CPU
		{13EF065E-20CF-464B-982B-BFF01A4D8450}.Debug|Any CPU.Build.0 = Debug|Any CPU
		{13EF065E-20CF-464B-982B-BFF01A4D8450}.Release|Any CPU.ActiveCfg = Release|Any CPU
		{13EF065E-20CF-464B-982B-BFF01A4D8450}.Release|Any CPU.Build.0 = Release|Any CPU
		{A8B2FFCD-8B2B-4A57-875F-52BD04700EE3}.Debug|Any CPU.ActiveCfg = Debug|Any CPU
		{A8B2FFCD-8B2B-4A57-875F-52BD04700EE3}.Debug|Any CPU.Build.0 = Debug|Any CPU
		{A8B2FFCD-8B2B-4A57-875F-52BD04700EE3}.Release|Any CPU.ActiveCfg = Release|Any CPU
		{A8B2FFCD-8B2B-4A57-875F-52BD04700EE3}.Release|Any CPU.Build.0 = Release|Any CPU
	EndGlobalSection
	GlobalSection(SolutionProperties) = preSolution
		HideSolutionNode = FALSE
	EndGlobalSection
	GlobalSection(ExtensibilityGlobals) = postSolution
		SolutionGuid = {EFC215B8-DDEE-4785-BF6A-C19C030E50CE}
	EndGlobalSection
EndGlobal
